
Microsoft Visual Studio Solution File, Format Version 12.00
# Visual Studio Version 17
VisualStudioVersion = 17.4.33110.190
MinimumVisualStudioVersion = 10.0.40219.1
Project("{9A19103F-16F7-4668-BE54-9A1E7A4F7556}") = "Origam.QRCode", "Origam.QrCode\Origam.QRCode.csproj", "{0DD99035-AAD4-475E-A99E-072A15416DDA}"
EndProject
Global
	GlobalSection(SolutionConfigurationPlatforms) = preSolution
		Debug|Any CPU = Debug|Any CPU
		Release|Any CPU = Release|Any CPU
	EndGlobalSection
	GlobalSection(ProjectConfigurationPlatforms) = postSolution
		{0DD99035-AAD4-475E-A99E-072A15416DDA}.Debug|Any CPU.ActiveCfg = Debug|Any CPU
		{0DD99035-AAD4-475E-A99E-072A15416DDA}.Debug|Any CPU.Build.0 = Debug|Any CPU
		{0DD99035-AAD4-475E-A99E-072A15416DDA}.Release|Any CPU.ActiveCfg = Release|Any CPU
		{0DD99035-AAD4-475E-A99E-072A15416DDA}.Release|Any CPU.Build.0 = Release|Any CPU
	EndGlobalSection
	GlobalSection(SolutionProperties) = preSolution
		HideSolutionNode = FALSE
	EndGlobalSection
	GlobalSection(ExtensibilityGlobals) = postSolution
		SolutionGuid = {83568933-7206-47C5-BA6E-E5B517B11552}
	EndGlobalSection
EndGlobal
